
Microsoft Visual Studio Solution File, Format Version 12.00
# Visual Studio Version 17
VisualStudioVersion = 17.7.34024.191
MinimumVisualStudioVersion = 10.0.40219.1
Project("{8BC9CEB8-8B4A-11D0-8D11-00A0C91BC942}") = "Lab3", "Lab3\Lab3.vcxproj", "{4AC353AE-A9F9-4153-A576-6AB883DA09AB}"
EndProject
Global
	GlobalSection(SolutionConfigurationPlatforms) = preSolution
		Debug|x64 = Debug|x64
		Debug|x86 = Debug|x86
		Release|x64 = Release|x64
		Release|x86 = Release|x86
	EndGlobalSection
	GlobalSection(ProjectConfigurationPlatforms) = postSolution
		{4AC353AE-A9F9-4153-A576-6AB883DA09AB}.Debug|x64.ActiveCfg = Debug|x64
		{4AC353AE-A9F9-4153-A576-6AB883DA09AB}.Debug|x64.Build.0 = Debug|x64
		{4AC353AE-A9F9-4153-A576-6AB883DA09AB}.Debug|x86.ActiveCfg = Debug|Win32
		{4AC353AE-A9F9-4153-A576-6AB883DA09AB}.Debug|x86.Build.0 = Debug|Win32
		{4AC353AE-A9F9-4153-A576-6AB883DA09AB}.Release|x64.ActiveCfg = Release|x64
		{4AC353AE-A9F9-4153-A576-6AB883DA09AB}.Release|x64.Build.0 = Release|x64
		{4AC353AE-A9F9-4153-A576-6AB883DA09AB}.Release|x86.ActiveCfg = Release|Win32
		{4AC353AE-A9F9-4153-A576-6AB883DA09AB}.Release|x86.Build.0 = Release|Win32
	EndGlobalSection
	GlobalSection(SolutionProperties) = preSolution
		HideSolutionNode = FALSE
	EndGlobalSection
	GlobalSection(ExtensibilityGlobals) = postSolution
		SolutionGuid = {EBF57DF5-3366-4854-8129-1DE756F4AEE4}
	EndGlobalSection
EndGlobal
